// !$*UTF8*$!
{
	archiveVersion = 1;
	classes = {
	};
	objectVersion = 46;
	objects = {

/* Begin PBXBuildFile section */
		707DB5A11BF2EDC4006E5B59 /* AppDelegate.swift in Sources */ = {isa = PBXBuildFile; fileRef = 707DB5A01BF2EDC4006E5B59 /* AppDelegate.swift */; };
		707DB5A31BF2EDC4006E5B59 /* ViewController.swift in Sources */ = {isa = PBXBuildFile; fileRef = 707DB5A21BF2EDC4006E5B59 /* ViewController.swift */; };
		707DB5A61BF2EDC4006E5B59 /* Main.storyboard in Resources */ = {isa = PBXBuildFile; fileRef = 707DB5A41BF2EDC4006E5B59 /* Main.storyboard */; };
		707DB5A81BF2EDC4006E5B59 /* Assets.xcassets in Resources */ = {isa = PBXBuildFile; fileRef = 707DB5A71BF2EDC4006E5B59 /* Assets.xcassets */; };
		707DB5AB1BF2EDC4006E5B59 /* LaunchScreen.storyboard in Resources */ = {isa = PBXBuildFile; fileRef = 707DB5A91BF2EDC4006E5B59 /* LaunchScreen.storyboard */; };
/* End PBXBuildFile section */

/* Begin PBXFileReference section */
		707DB59D1BF2EDC4006E5B59 /* SwiftDemo.app */ = {isa = PBXFileReference; explicitFileType = wrapper.application; includeInIndex = 0; path = SwiftDemo.app; sourceTree = BUILT_PRODUCTS_DIR; };
		707DB5A01BF2EDC4006E5B59 /* AppDelegate.swift */ = {isa = PBXFileReference; lastKnownFileType = sourcecode.swift; path = AppDelegate.swift; sourceTree = "<group>"; };
		707DB5A21BF2EDC4006E5B59 /* ViewController.swift */ = {isa = PBXFileReference; lastKnownFileType = sourcecode.swift; path = ViewController.swift; sourceTree = "<group>"; };
		707DB5A51BF2EDC4006E5B59 /* Base */ = {isa = PBXFileReference; lastKnownFileType = file.storyboard; name = Base; path = Base.lproj/Main.storyboard; sourceTree = "<group>"; };
		707DB5A71BF2EDC4006E5B59 /* Assets.xcassets */ = {isa = PBXFileReference; lastKnownFileType = folder.assetcatalog; path = Assets.xcassets; sourceTree = "<group>"; };
		707DB5AA1BF2EDC4006E5B59 /* Base */ = {isa = PBXFileReference; lastKnownFileType = file.storyboard; name = Base; path = Base.lproj/LaunchScreen.storyboard; sourceTree = "<group>"; };
		707DB5AC1BF2EDC4006E5B59 /* Info.plist */ = {isa = PBXFileReference; lastKnownFileType = text.plist.xml; path = Info.plist; sourceTree = "<group>"; };
/* End PBXFileReference section */

/* Begin PBXFrameworksBuildPhase section */
		707DB59A1BF2EDC4006E5B59 /* Frameworks */ = {
			isa = PBXFrameworksBuildPhase;
			buildActionMask = 2147483647;
			files = (
			);
			runOnlyForDeploymentPostprocessing = 0;
		};
/* End PBXFrameworksBuildPhase section */

/* Begin PBXGroup section */
		707DB5941BF2EDC4006E5B59 = {
			isa = PBXGroup;
			children = (
				707DB59F1BF2EDC4006E5B59 /* SwiftDemo */,
				707DB59E1BF2EDC4006E5B59 /* Products */,
			);
			sourceTree = "<group>";
		};
		707DB59E1BF2EDC4006E5B59 /* Products */ = {
			isa = PBXGroup;
			children = (
				707DB59D1BF2EDC4006E5B59 /* SwiftDemo.app */,
			);
			name = Products;
			sourceTree = "<group>";
		};
		707DB59F1BF2EDC4006E5B59 /* SwiftDemo */ = {
			isa = PBXGroup;
			children = (
				707DB5A01BF2EDC4006E5B59 /* AppDelegate.swift */,
				707DB5A21BF2EDC4006E5B59 /* ViewController.swift */,
				707DB5A41BF2EDC4006E5B59 /* Main.storyboard */,
				707DB5A71BF2EDC4006E5B59 /* Assets.xcassets */,
				707DB5A91BF2EDC4006E5B59 /* LaunchScreen.storyboard */,
				707DB5AC1BF2EDC4006E5B59 /* Info.plist */,
			);
			path = SwiftDemo;
			sourceTree = "<group>";
		};
/* End PBXGroup section */

/* Begin PBXNativeTarget section */
		707DB59C1BF2EDC4006E5B59 /* SwiftDemo */ = {
			isa = PBXNativeTarget;
			buildConfigurationList = 707DB5AF1BF2EDC4006E5B59 /* Build configuration list for PBXNativeTarget "SwiftDemo" */;
			buildPhases = (
				707DB5991BF2EDC4006E5B59 /* Sources */,
				707DB59A1BF2EDC4006E5B59 /* Frameworks */,
				707DB59B1BF2EDC4006E5B59 /* Resources */,
			);
			buildRules = (
			);
			dependencies = (
			);
			name = SwiftDemo;
			productName = SwiftDemo;
			productReference = 707DB59D1BF2EDC4006E5B59 /* SwiftDemo.app */;
			productType = "com.apple.product-type.application";
		};
/* End PBXNativeTarget section */

/* Begin PBXProject section */
		707DB5951BF2EDC4006E5B59 /* Project object */ = {
			isa = PBXProject;
			attributes = {
				LastUpgradeCheck = 0700;
				ORGANIZATIONNAME = "郑文明";
				TargetAttributes = {
					707DB59C1BF2EDC4006E5B59 = {
						CreatedOnToolsVersion = 7.0;
					};
				};
			};
			buildConfigurationList = 707DB5981BF2EDC4006E5B59 /* Build configuration list for PBXProject "SwiftDemo" */;
			compatibilityVersion = "Xcode 3.2";
			developmentRegion = English;
			hasScannedForEncodings = 0;
			knownRegions = (
				en,
				Base,
			);
			mainGroup = 707DB5941BF2EDC4006E5B59;
			productRefGroup = 707DB59E1BF2EDC4006E5B59 /* Products */;
			projectDirPath = "";
			projectRoot = "";
			targets = (
				707DB59C1BF2EDC4006E5B59 /* SwiftDemo */,
			);
		};
/* End PBXProject section */

/* Begin PBXResourcesBuildPhase section */
		707DB59B1BF2EDC4006E5B59 /* Resources */ = {
			isa = PBXResourcesBuildPhase;
			buildActionMask = 2147483647;
			files = (
				707DB5AB1BF2EDC4006E5B59 /* LaunchScreen.storyboard in Resources */,
				707DB5A81BF2EDC4006E5B59 /* Assets.xcassets in Resources */,
				707DB5A61BF2EDC4006E5B59 /* Main.storyboard in Resources */,
			);
			runOnlyForDeploymentPostprocessing = 0;
		};
/* End PBXResourcesBuildPhase section */

/* Begin PBXSourcesBuildPhase section */
		707DB5991BF2EDC4006E5B59 /* Sources */ = {
			isa = PBXSourcesBuildPhase;
			buildActionMask = 2147483647;
			files = (
				707DB5A31BF2EDC4006E5B59 /* ViewController.swift in Sources */,
				707DB5A11BF2EDC4006E5B59 /* AppDelegate.swift in Sources */,
			);
			runOnlyForDeploymentPostprocessing = 0;
		};
/* End PBXSourcesBuildPhase section */

/* Begin PBXVariantGroup section */
		707DB5A41BF2EDC4006E5B59 /* Main.storyboard */ = {
			isa = PBXVariantGroup;
			children = (
				707DB5A51BF2EDC4006E5B59 /* Base */,
			);
			name = Main.storyboard;
			sourceTree = "<group>";
		};
		707DB5A91BF2EDC4006E5B59 /* LaunchScreen.storyboard */ = {
			isa = PBXVariantGroup;
			children = (
				707DB5AA1BF2EDC4006E5B59 /* Base */,
			);
			name = LaunchScreen.storyboard;
			sourceTree = "<group>";
		};
/* End PBXVariantGroup section */

/* Begin XCBuildConfiguration section */
		707DB5AD1BF2EDC4006E5B59 /* Debug */ = {
			isa = XCBuildConfiguration;
			buildSettings = {
				ALWAYS_SEARCH_USER_PATHS = NO;
				CLANG_CXX_LANGUAGE_STANDARD = "gnu++0x";
				CLANG_CXX_LIBRARY = "libc++";
				CLANG_ENABLE_MODULES = YES;
				CLANG_ENABLE_OBJC_ARC = YES;
				CLANG_WARN_BOOL_CONVERSION = YES;
				CLANG_WARN_CONSTANT_CONVERSION = YES;
				CLANG_WARN_DIRECT_OBJC_ISA_USAGE = YES_ERROR;
				CLANG_WARN_EMPTY_BODY = YES;
				CLANG_WARN_ENUM_CONVERSION = YES;
				CLANG_WARN_INT_CONVERSION = YES;
				CLANG_WARN_OBJC_ROOT_CLASS = YES_ERROR;
				CLANG_WARN_UNREACHABLE_CODE = YES;
				CLANG_WARN__DUPLICATE_METHOD_MATCH = YES;
				"CODE_SIGN_IDENTITY[sdk=iphoneos*]" = "iPhone Developer";
				COPY_PHASE_STRIP = NO;
				DEBUG_INFORMATION_FORMAT = dwarf;
				ENABLE_STRICT_OBJC_MSGSEND = YES;
				ENABLE_TESTABILITY = YES;
				GCC_C_LANGUAGE_STANDARD = gnu99;
				GCC_DYNAMIC_NO_PIC = NO;
				GCC_NO_COMMON_BLOCKS = YES;
				GCC_OPTIMIZATION_LEVEL = 0;
				GCC_PREPROCESSOR_DEFINITIONS = (
					"DEBUG=1",
					"$(inherited)",
				);
				GCC_WARN_64_TO_32_BIT_CONVERSION = YES;
				GCC_WARN_ABOUT_RETURN_TYPE = YES_ERROR;
				GCC_WARN_UNDECLARED_SELECTOR = YES;
				GCC_WARN_UNINITIALIZED_AUTOS = YES_AGGRESSIVE;
				GCC_WARN_UNUSED_FUNCTION = YES;
				GCC_WARN_UNUSED_VARIABLE = YES;
				IPHONEOS_DEPLOYMENT_TARGET = 9.0;
				MTL_ENABLE_DEBUG_INFO = YES;
				ONLY_ACTIVE_ARCH = YES;
				SDKROOT = iphoneos;
				SWIFT_OPTIMIZATION_LEVEL = "-Onone";
				TARGETED_DEVICE_FAMILY = "1,2";
			};
			name = Debug;
		};
		707DB5AE1BF2EDC4006E5B59 /* Release */ = {
			isa = XCBuildConfiguration;
			buildSettings = {
				ALWAYS_SEARCH_USER_PATHS = NO;
				CLANG_CXX_LANGUAGE_STANDARD = "gnu++0x";
				CLANG_CXX_LIBRARY = "libc++";
				CLANG_ENABLE_MODULES = YES;
				CLANG_ENABLE_OBJC_ARC = YES;
				CLANG_WARN_BOOL_CONVERSION = YES;
				CLANG_WARN_CONSTANT_CONVERSION = YES;
				CLANG_WARN_DIRECT_OBJC_ISA_USAGE = YES_ERROR;
				CLANG_WARN_EMPTY_BODY = YES;
				CLANG_WARN_ENUM_CONVERSION = YES;
				CLANG_WARN_INT_CONVERSION = YES;
				CLANG_WARN_OBJC_ROOT_CLASS = YES_ERROR;
				CLANG_WARN_UNREACHABLE_CODE = YES;
				CLANG_WARN__DUPLICATE_METHOD_MATCH = YES;
				"CODE_SIGN_IDENTITY[sdk=iphoneos*]" = "iPhone Developer";
				COPY_PHASE_STRIP = NO;
				DEBUG_INFORMATION_FORMAT = "dwarf-with-dsym";
				ENABLE_NS_ASSERTIONS = NO;
				ENABLE_STRICT_OBJC_MSGSEND = YES;
				GCC_C_LANGUAGE_STANDARD = gnu99;
				GCC_NO_COMMON_BLOCKS = YES;
				GCC_WARN_64_TO_32_BIT_CONVERSION = YES;
				GCC_WARN_ABOUT_RETURN_TYPE = YES_ERROR;
				GCC_WARN_UNDECLARED_SELECTOR = YES;
				GCC_WARN_UNINITIALIZED_AUTOS = YES_AGGRESSIVE;
				GCC_WARN_UNUSED_FUNCTION = YES;
				GCC_WARN_UNUSED_VARIABLE = YES;
				IPHONEOS_DEPLOYMENT_TARGET = 9.0;
				MTL_ENABLE_DEBUG_INFO = NO;
				SDKROOT = iphoneos;
				TARGETED_DEVICE_FAMILY = "1,2";
				VALIDATE_PRODUCT = YES;
			};
			name = Release;
		};
		707DB5B01BF2EDC4006E5B59 /* Debug */ = {
			isa = XCBuildConfiguration;
			buildSettings = {
				ASSETCATALOG_COMPILER_APPICON_NAME = AppIcon;
				INFOPLIST_FILE = SwiftDemo/Info.plist;
				LD_RUNPATH_SEARCH_PATHS = "$(inherited) @executable_path/Frameworks";
				PRODUCT_BUNDLE_IDENTIFIER = com.wenming.SwiftDemo;
				PRODUCT_NAME = "$(TARGET_NAME)";
			};
			name = Debug;
		};
		707DB5B11BF2EDC4006E5B59 /* Release */ = {
			isa = XCBuildConfiguration;
			buildSettings = {
				ASSETCATALOG_COMPILER_APPICON_NAME = AppIcon;
				INFOPLIST_FILE = SwiftDemo/Info.plist;
				LD_RUNPATH_SEARCH_PATHS = "$(inherited) @executable_path/Frameworks";
				PRODUCT_BUNDLE_IDENTIFIER = com.wenming.SwiftDemo;
				PRODUCT_NAME = "$(TARGET_NAME)";
			};
			name = Release;
		};
/* End XCBuildConfiguration section */

/* Begin XCConfigurationList section */
		707DB5981BF2EDC4006E5B59 /* Build configuration list for PBXProject "SwiftDemo" */ = {
			isa = XCConfigurationList;
			buildConfigurations = (
				707DB5AD1BF2EDC4006E5B59 /* Debug */,
				707DB5AE1BF2EDC4006E5B59 /* Release */,
			);
			defaultConfigurationIsVisible = 0;
			defaultConfigurationName = Release;
		};
		707DB5AF1BF2EDC4006E5B59 /* Build configuration list for PBXNativeTarget "SwiftDemo" */ = {
			isa = XCConfigurationList;
			buildConfigurations = (
				707DB5B01BF2EDC4006E5B59 /* Debug */,
				707DB5B11BF2EDC4006E5B59 /* Release */,
			);
			defaultConfigurationIsVisible = 0;
		};
/* End XCConfigurationList section */
	};
	rootObject = 707DB5951BF2EDC4006E5B59 /* Project object */;
}
