// !$*UTF8*$!
{
	archiveVersion = 1;
	classes = {
	};
	objectVersion = 46;
	objects = {

/* Begin PBXBuildFile section */
		70635E0A1BFAD8E900470831 /* Macro.swift in Sources */ = {isa = PBXBuildFile; fileRef = 70635E091BFAD8E900470831 /* Macro.swift */; settings = {ASSET_TAGS = (); }; };
		70635E1C1BFB143A00470831 /* TabBar_Assets@2x.png in Resources */ = {isa = PBXBuildFile; fileRef = 70635E0C1BFB143A00470831 /* TabBar_Assets@2x.png */; settings = {ASSET_TAGS = (); }; };
		70635E1D1BFB143A00470831 /* TabBar_Assets@3x.png in Resources */ = {isa = PBXBuildFile; fileRef = 70635E0D1BFB143A00470831 /* TabBar_Assets@3x.png */; settings = {ASSET_TAGS = (); }; };
		70635E1E1BFB143A00470831 /* TabBar_Assets_Sel@2x.png in Resources */ = {isa = PBXBuildFile; fileRef = 70635E0E1BFB143A00470831 /* TabBar_Assets_Sel@2x.png */; settings = {ASSET_TAGS = (); }; };
		70635E1F1BFB143A00470831 /* TabBar_Assets_Sel@3x.png in Resources */ = {isa = PBXBuildFile; fileRef = 70635E0F1BFB143A00470831 /* TabBar_Assets_Sel@3x.png */; settings = {ASSET_TAGS = (); }; };
		70635E201BFB143A00470831 /* TabBar_Businesses@2x.png in Resources */ = {isa = PBXBuildFile; fileRef = 70635E101BFB143A00470831 /* TabBar_Businesses@2x.png */; settings = {ASSET_TAGS = (); }; };
		70635E211BFB143A00470831 /* TabBar_Businesses@3x.png in Resources */ = {isa = PBXBuildFile; fileRef = 70635E111BFB143A00470831 /* TabBar_Businesses@3x.png */; settings = {ASSET_TAGS = (); }; };
		70635E221BFB143A00470831 /* TabBar_Businesses_Sel@2x.png in Resources */ = {isa = PBXBuildFile; fileRef = 70635E121BFB143A00470831 /* TabBar_Businesses_Sel@2x.png */; settings = {ASSET_TAGS = (); }; };
		70635E231BFB143A00470831 /* TabBar_Businesses_Sel@3x.png in Resources */ = {isa = PBXBuildFile; fileRef = 70635E131BFB143A00470831 /* TabBar_Businesses_Sel@3x.png */; settings = {ASSET_TAGS = (); }; };
		70635E241BFB143A00470831 /* TabBar_Friends@2x.png in Resources */ = {isa = PBXBuildFile; fileRef = 70635E141BFB143A00470831 /* TabBar_Friends@2x.png */; settings = {ASSET_TAGS = (); }; };
		70635E251BFB143A00470831 /* TabBar_Friends@3x.png in Resources */ = {isa = PBXBuildFile; fileRef = 70635E151BFB143A00470831 /* TabBar_Friends@3x.png */; settings = {ASSET_TAGS = (); }; };
		70635E261BFB143A00470831 /* TabBar_Friends_Sel@2x.png in Resources */ = {isa = PBXBuildFile; fileRef = 70635E161BFB143A00470831 /* TabBar_Friends_Sel@2x.png */; settings = {ASSET_TAGS = (); }; };
		70635E271BFB143A00470831 /* TabBar_Friends_Sel@3x.png in Resources */ = {isa = PBXBuildFile; fileRef = 70635E171BFB143A00470831 /* TabBar_Friends_Sel@3x.png */; settings = {ASSET_TAGS = (); }; };
		70635E281BFB143A00470831 /* TabBar_HomeBar@2x.png in Resources */ = {isa = PBXBuildFile; fileRef = 70635E181BFB143A00470831 /* TabBar_HomeBar@2x.png */; settings = {ASSET_TAGS = (); }; };
		70635E291BFB143A00470831 /* TabBar_HomeBar@3x.png in Resources */ = {isa = PBXBuildFile; fileRef = 70635E191BFB143A00470831 /* TabBar_HomeBar@3x.png */; settings = {ASSET_TAGS = (); }; };
		70635E2A1BFB143A00470831 /* TabBar_HomeBar_Sel@2x.png in Resources */ = {isa = PBXBuildFile; fileRef = 70635E1A1BFB143A00470831 /* TabBar_HomeBar_Sel@2x.png */; settings = {ASSET_TAGS = (); }; };
		70635E2B1BFB143A00470831 /* TabBar_HomeBar_Sel@3x.png in Resources */ = {isa = PBXBuildFile; fileRef = 70635E1B1BFB143A00470831 /* TabBar_HomeBar_Sel@3x.png */; settings = {ASSET_TAGS = (); }; };
		70635E301BFB208300470831 /* user@2x.png in Resources */ = {isa = PBXBuildFile; fileRef = 70635E2F1BFB208300470831 /* user@2x.png */; settings = {ASSET_TAGS = (); }; };
		70635E331BFB20FC00470831 /* add_friend@2x.png in Resources */ = {isa = PBXBuildFile; fileRef = 70635E311BFB20FC00470831 /* add_friend@2x.png */; settings = {ASSET_TAGS = (); }; };
		70635E341BFB20FC00470831 /* add_friend@3x.png in Resources */ = {isa = PBXBuildFile; fileRef = 70635E321BFB20FC00470831 /* add_friend@3x.png */; settings = {ASSET_TAGS = (); }; };
		70635E361BFB2F9600470831 /* LaunchImage-700-568h@2x.png in Resources */ = {isa = PBXBuildFile; fileRef = 70635E351BFB2F9600470831 /* LaunchImage-700-568h@2x.png */; settings = {ASSET_TAGS = (); }; };
		70635E381BFB36A200470831 /* scan@2x.png in Resources */ = {isa = PBXBuildFile; fileRef = 70635E371BFB36A200470831 /* scan@2x.png */; settings = {ASSET_TAGS = (); }; };
		70635E3A1BFB36B200470831 /* scanStatic@2x.png in Resources */ = {isa = PBXBuildFile; fileRef = 70635E391BFB36B200470831 /* scanStatic@2x.png */; settings = {ASSET_TAGS = (); }; };
		706CF24E1BF97EE9007A53C0 /* AliPayViewController.swift in Sources */ = {isa = PBXBuildFile; fileRef = 706CF24D1BF97EE9007A53C0 /* AliPayViewController.swift */; settings = {ASSET_TAGS = (); }; };
		706CF2501BF97F64007A53C0 /* ReputationViewController.swift in Sources */ = {isa = PBXBuildFile; fileRef = 706CF24F1BF97F64007A53C0 /* ReputationViewController.swift */; settings = {ASSET_TAGS = (); }; };
		706CF2521BF97F86007A53C0 /* FriendViewController.swift in Sources */ = {isa = PBXBuildFile; fileRef = 706CF2511BF97F86007A53C0 /* FriendViewController.swift */; settings = {ASSET_TAGS = (); }; };
		706CF2541BF97FDA007A53C0 /* MoneyViewController.swift in Sources */ = {isa = PBXBuildFile; fileRef = 706CF2531BF97FDA007A53C0 /* MoneyViewController.swift */; settings = {ASSET_TAGS = (); }; };
		706CF2571BF9834B007A53C0 /* WMTabbarController.swift in Sources */ = {isa = PBXBuildFile; fileRef = 706CF2561BF9834B007A53C0 /* WMTabbarController.swift */; settings = {ASSET_TAGS = (); }; };
		706CF25A1BF98395007A53C0 /* BaseViewController.swift in Sources */ = {isa = PBXBuildFile; fileRef = 706CF2591BF98395007A53C0 /* BaseViewController.swift */; settings = {ASSET_TAGS = (); }; };
		706CF25E1BF9888B007A53C0 /* BaseNavgationController.swift in Sources */ = {isa = PBXBuildFile; fileRef = 706CF25D1BF9888B007A53C0 /* BaseNavgationController.swift */; settings = {ASSET_TAGS = (); }; };
		706CF2711BF9C7D1007A53C0 /* TestViewController.swift in Sources */ = {isa = PBXBuildFile; fileRef = 706CF2701BF9C7D1007A53C0 /* TestViewController.swift */; settings = {ASSET_TAGS = (); }; };
		707DB5A11BF2EDC4006E5B59 /* AppDelegate.swift in Sources */ = {isa = PBXBuildFile; fileRef = 707DB5A01BF2EDC4006E5B59 /* AppDelegate.swift */; };
		707DB5A61BF2EDC4006E5B59 /* Main.storyboard in Resources */ = {isa = PBXBuildFile; fileRef = 707DB5A41BF2EDC4006E5B59 /* Main.storyboard */; };
		707DB5A81BF2EDC4006E5B59 /* Assets.xcassets in Resources */ = {isa = PBXBuildFile; fileRef = 707DB5A71BF2EDC4006E5B59 /* Assets.xcassets */; };
		707DB5AB1BF2EDC4006E5B59 /* LaunchScreen.storyboard in Resources */ = {isa = PBXBuildFile; fileRef = 707DB5A91BF2EDC4006E5B59 /* LaunchScreen.storyboard */; };
/* End PBXBuildFile section */

/* Begin PBXFileReference section */
		70635E091BFAD8E900470831 /* Macro.swift */ = {isa = PBXFileReference; fileEncoding = 4; lastKnownFileType = sourcecode.swift; path = Macro.swift; sourceTree = "<group>"; };
		70635E0C1BFB143A00470831 /* TabBar_Assets@2x.png */ = {isa = PBXFileReference; lastKnownFileType = image.png; path = "TabBar_Assets@2x.png"; sourceTree = "<group>"; };
		70635E0D1BFB143A00470831 /* TabBar_Assets@3x.png */ = {isa = PBXFileReference; lastKnownFileType = image.png; path = "TabBar_Assets@3x.png"; sourceTree = "<group>"; };
		70635E0E1BFB143A00470831 /* TabBar_Assets_Sel@2x.png */ = {isa = PBXFileReference; lastKnownFileType = image.png; path = "TabBar_Assets_Sel@2x.png"; sourceTree = "<group>"; };
		70635E0F1BFB143A00470831 /* TabBar_Assets_Sel@3x.png */ = {isa = PBXFileReference; lastKnownFileType = image.png; path = "TabBar_Assets_Sel@3x.png"; sourceTree = "<group>"; };
		70635E101BFB143A00470831 /* TabBar_Businesses@2x.png */ = {isa = PBXFileReference; lastKnownFileType = image.png; path = "TabBar_Businesses@2x.png"; sourceTree = "<group>"; };
		70635E111BFB143A00470831 /* TabBar_Businesses@3x.png */ = {isa = PBXFileReference; lastKnownFileType = image.png; path = "TabBar_Businesses@3x.png"; sourceTree = "<group>"; };
		70635E121BFB143A00470831 /* TabBar_Businesses_Sel@2x.png */ = {isa = PBXFileReference; lastKnownFileType = image.png; path = "TabBar_Businesses_Sel@2x.png"; sourceTree = "<group>"; };
		70635E131BFB143A00470831 /* TabBar_Businesses_Sel@3x.png */ = {isa = PBXFileReference; lastKnownFileType = image.png; path = "TabBar_Businesses_Sel@3x.png"; sourceTree = "<group>"; };
		70635E141BFB143A00470831 /* TabBar_Friends@2x.png */ = {isa = PBXFileReference; lastKnownFileType = image.png; path = "TabBar_Friends@2x.png"; sourceTree = "<group>"; };
		70635E151BFB143A00470831 /* TabBar_Friends@3x.png */ = {isa = PBXFileReference; lastKnownFileType = image.png; path = "TabBar_Friends@3x.png"; sourceTree = "<group>"; };
		70635E161BFB143A00470831 /* TabBar_Friends_Sel@2x.png */ = {isa = PBXFileReference; lastKnownFileType = image.png; path = "TabBar_Friends_Sel@2x.png"; sourceTree = "<group>"; };
		70635E171BFB143A00470831 /* TabBar_Friends_Sel@3x.png */ = {isa = PBXFileReference; lastKnownFileType = image.png; path = "TabBar_Friends_Sel@3x.png"; sourceTree = "<group>"; };
		70635E181BFB143A00470831 /* TabBar_HomeBar@2x.png */ = {isa = PBXFileReference; lastKnownFileType = image.png; path = "TabBar_HomeBar@2x.png"; sourceTree = "<group>"; };
		70635E191BFB143A00470831 /* TabBar_HomeBar@3x.png */ = {isa = PBXFileReference; lastKnownFileType = image.png; path = "TabBar_HomeBar@3x.png"; sourceTree = "<group>"; };
		70635E1A1BFB143A00470831 /* TabBar_HomeBar_Sel@2x.png */ = {isa = PBXFileReference; lastKnownFileType = image.png; path = "TabBar_HomeBar_Sel@2x.png"; sourceTree = "<group>"; };
		70635E1B1BFB143A00470831 /* TabBar_HomeBar_Sel@3x.png */ = {isa = PBXFileReference; lastKnownFileType = image.png; path = "TabBar_HomeBar_Sel@3x.png"; sourceTree = "<group>"; };
		70635E2F1BFB208300470831 /* user@2x.png */ = {isa = PBXFileReference; lastKnownFileType = image.png; path = "user@2x.png"; sourceTree = "<group>"; };
		70635E311BFB20FC00470831 /* add_friend@2x.png */ = {isa = PBXFileReference; lastKnownFileType = image.png; path = "add_friend@2x.png"; sourceTree = "<group>"; };
		70635E321BFB20FC00470831 /* add_friend@3x.png */ = {isa = PBXFileReference; lastKnownFileType = image.png; path = "add_friend@3x.png"; sourceTree = "<group>"; };
		70635E351BFB2F9600470831 /* LaunchImage-700-568h@2x.png */ = {isa = PBXFileReference; lastKnownFileType = image.png; path = "LaunchImage-700-568h@2x.png"; sourceTree = "<group>"; };
		70635E371BFB36A200470831 /* scan@2x.png */ = {isa = PBXFileReference; lastKnownFileType = image.png; path = "scan@2x.png"; sourceTree = "<group>"; };
		70635E391BFB36B200470831 /* scanStatic@2x.png */ = {isa = PBXFileReference; lastKnownFileType = image.png; path = "scanStatic@2x.png"; sourceTree = "<group>"; };
		706CF24D1BF97EE9007A53C0 /* AliPayViewController.swift */ = {isa = PBXFileReference; fileEncoding = 4; lastKnownFileType = sourcecode.swift; path = AliPayViewController.swift; sourceTree = "<group>"; };
		706CF24F1BF97F64007A53C0 /* ReputationViewController.swift */ = {isa = PBXFileReference; fileEncoding = 4; lastKnownFileType = sourcecode.swift; path = ReputationViewController.swift; sourceTree = "<group>"; };
		706CF2511BF97F86007A53C0 /* FriendViewController.swift */ = {isa = PBXFileReference; fileEncoding = 4; lastKnownFileType = sourcecode.swift; path = FriendViewController.swift; sourceTree = "<group>"; };
		706CF2531BF97FDA007A53C0 /* MoneyViewController.swift */ = {isa = PBXFileReference; fileEncoding = 4; lastKnownFileType = sourcecode.swift; path = MoneyViewController.swift; sourceTree = "<group>"; };
		706CF2561BF9834B007A53C0 /* WMTabbarController.swift */ = {isa = PBXFileReference; fileEncoding = 4; lastKnownFileType = sourcecode.swift; path = WMTabbarController.swift; sourceTree = "<group>"; };
		706CF2591BF98395007A53C0 /* BaseViewController.swift */ = {isa = PBXFileReference; fileEncoding = 4; lastKnownFileType = sourcecode.swift; path = BaseViewController.swift; sourceTree = "<group>"; };
		706CF25D1BF9888B007A53C0 /* BaseNavgationController.swift */ = {isa = PBXFileReference; fileEncoding = 4; lastKnownFileType = sourcecode.swift; path = BaseNavgationController.swift; sourceTree = "<group>"; };
		706CF2701BF9C7D1007A53C0 /* TestViewController.swift */ = {isa = PBXFileReference; fileEncoding = 4; lastKnownFileType = sourcecode.swift; path = TestViewController.swift; sourceTree = "<group>"; };
		707DB59D1BF2EDC4006E5B59 /* SwiftDemo.app */ = {isa = PBXFileReference; explicitFileType = wrapper.application; includeInIndex = 0; path = SwiftDemo.app; sourceTree = BUILT_PRODUCTS_DIR; };
		707DB5A01BF2EDC4006E5B59 /* AppDelegate.swift */ = {isa = PBXFileReference; lastKnownFileType = sourcecode.swift; path = AppDelegate.swift; sourceTree = "<group>"; };
		707DB5A51BF2EDC4006E5B59 /* Base */ = {isa = PBXFileReference; lastKnownFileType = file.storyboard; name = Base; path = Base.lproj/Main.storyboard; sourceTree = "<group>"; };
		707DB5A71BF2EDC4006E5B59 /* Assets.xcassets */ = {isa = PBXFileReference; lastKnownFileType = folder.assetcatalog; path = Assets.xcassets; sourceTree = "<group>"; };
		707DB5AA1BF2EDC4006E5B59 /* Base */ = {isa = PBXFileReference; lastKnownFileType = file.storyboard; name = Base; path = Base.lproj/LaunchScreen.storyboard; sourceTree = "<group>"; };
		707DB5AC1BF2EDC4006E5B59 /* Info.plist */ = {isa = PBXFileReference; lastKnownFileType = text.plist.xml; path = Info.plist; sourceTree = "<group>"; };
/* End PBXFileReference section */

/* Begin PBXFrameworksBuildPhase section */
		707DB59A1BF2EDC4006E5B59 /* Frameworks */ = {
			isa = PBXFrameworksBuildPhase;
			buildActionMask = 2147483647;
			files = (
			);
			runOnlyForDeploymentPostprocessing = 0;
		};
/* End PBXFrameworksBuildPhase section */

/* Begin PBXGroup section */
		70635E061BFAD3F900470831 /* QRCodeScan */ = {
			isa = PBXGroup;
			children = (
			);
			path = QRCodeScan;
			sourceTree = "<group>";
		};
		70635E0B1BFB143A00470831 /* TabbarIcon */ = {
			isa = PBXGroup;
			children = (
				70635E0C1BFB143A00470831 /* TabBar_Assets@2x.png */,
				70635E0D1BFB143A00470831 /* TabBar_Assets@3x.png */,
				70635E0E1BFB143A00470831 /* TabBar_Assets_Sel@2x.png */,
				70635E0F1BFB143A00470831 /* TabBar_Assets_Sel@3x.png */,
				70635E101BFB143A00470831 /* TabBar_Businesses@2x.png */,
				70635E111BFB143A00470831 /* TabBar_Businesses@3x.png */,
				70635E121BFB143A00470831 /* TabBar_Businesses_Sel@2x.png */,
				70635E131BFB143A00470831 /* TabBar_Businesses_Sel@3x.png */,
				70635E141BFB143A00470831 /* TabBar_Friends@2x.png */,
				70635E151BFB143A00470831 /* TabBar_Friends@3x.png */,
				70635E161BFB143A00470831 /* TabBar_Friends_Sel@2x.png */,
				70635E171BFB143A00470831 /* TabBar_Friends_Sel@3x.png */,
				70635E181BFB143A00470831 /* TabBar_HomeBar@2x.png */,
				70635E191BFB143A00470831 /* TabBar_HomeBar@3x.png */,
				70635E1A1BFB143A00470831 /* TabBar_HomeBar_Sel@2x.png */,
				70635E1B1BFB143A00470831 /* TabBar_HomeBar_Sel@3x.png */,
			);
			path = TabbarIcon;
			sourceTree = "<group>";
		};
		70635E2E1BFB1CE900470831 /* CommonIcon */ = {
			isa = PBXGroup;
			children = (
				70635E2F1BFB208300470831 /* user@2x.png */,
				70635E311BFB20FC00470831 /* add_friend@2x.png */,
				70635E321BFB20FC00470831 /* add_friend@3x.png */,
				70635E351BFB2F9600470831 /* LaunchImage-700-568h@2x.png */,
				70635E371BFB36A200470831 /* scan@2x.png */,
				70635E391BFB36B200470831 /* scanStatic@2x.png */,
			);
			path = CommonIcon;
			sourceTree = "<group>";
		};
		706CF2551BF982F5007A53C0 /* Tabbar */ = {
			isa = PBXGroup;
			children = (
				706CF2561BF9834B007A53C0 /* WMTabbarController.swift */,
			);
			path = Tabbar;
			sourceTree = "<group>";
		};
		706CF2581BF9837F007A53C0 /* BaseViewController */ = {
			isa = PBXGroup;
			children = (
				706CF2591BF98395007A53C0 /* BaseViewController.swift */,
				706CF25D1BF9888B007A53C0 /* BaseNavgationController.swift */,
			);
			path = BaseViewController;
			sourceTree = "<group>";
		};
		706CF25F1BF9B8A7007A53C0 /* Resource */ = {
			isa = PBXGroup;
			children = (
				70635E2E1BFB1CE900470831 /* CommonIcon */,
				70635E0B1BFB143A00470831 /* TabbarIcon */,
			);
			path = Resource;
			sourceTree = "<group>";
		};
		707DB5941BF2EDC4006E5B59 = {
			isa = PBXGroup;
			children = (
				707DB59F1BF2EDC4006E5B59 /* SwiftDemo */,
				707DB59E1BF2EDC4006E5B59 /* Products */,
			);
			sourceTree = "<group>";
		};
		707DB59E1BF2EDC4006E5B59 /* Products */ = {
			isa = PBXGroup;
			children = (
				707DB59D1BF2EDC4006E5B59 /* SwiftDemo.app */,
			);
			name = Products;
			sourceTree = "<group>";
		};
		707DB59F1BF2EDC4006E5B59 /* SwiftDemo */ = {
			isa = PBXGroup;
			children = (
				707DB5A01BF2EDC4006E5B59 /* AppDelegate.swift */,
				706CF24D1BF97EE9007A53C0 /* AliPayViewController.swift */,
				706CF24F1BF97F64007A53C0 /* ReputationViewController.swift */,
				706CF2511BF97F86007A53C0 /* FriendViewController.swift */,
				706CF2531BF97FDA007A53C0 /* MoneyViewController.swift */,
				706CF2701BF9C7D1007A53C0 /* TestViewController.swift */,
				706CF2551BF982F5007A53C0 /* Tabbar */,
				706CF2581BF9837F007A53C0 /* BaseViewController */,
				70635E061BFAD3F900470831 /* QRCodeScan */,
				707DB5A41BF2EDC4006E5B59 /* Main.storyboard */,
				707DB5A71BF2EDC4006E5B59 /* Assets.xcassets */,
				706CF25F1BF9B8A7007A53C0 /* Resource */,
				707DB5A91BF2EDC4006E5B59 /* LaunchScreen.storyboard */,
				707DB5AC1BF2EDC4006E5B59 /* Info.plist */,
				70635E091BFAD8E900470831 /* Macro.swift */,
			);
			path = SwiftDemo;
			sourceTree = "<group>";
		};
/* End PBXGroup section */

/* Begin PBXNativeTarget section */
		707DB59C1BF2EDC4006E5B59 /* SwiftDemo */ = {
			isa = PBXNativeTarget;
			buildConfigurationList = 707DB5AF1BF2EDC4006E5B59 /* Build configuration list for PBXNativeTarget "SwiftDemo" */;
			buildPhases = (
				707DB5991BF2EDC4006E5B59 /* Sources */,
				707DB59A1BF2EDC4006E5B59 /* Frameworks */,
				707DB59B1BF2EDC4006E5B59 /* Resources */,
			);
			buildRules = (
			);
			dependencies = (
			);
			name = SwiftDemo;
			productName = SwiftDemo;
			productReference = 707DB59D1BF2EDC4006E5B59 /* SwiftDemo.app */;
			productType = "com.apple.product-type.application";
		};
/* End PBXNativeTarget section */

/* Begin PBXProject section */
		707DB5951BF2EDC4006E5B59 /* Project object */ = {
			isa = PBXProject;
			attributes = {
				LastUpgradeCheck = 0700;
				ORGANIZATIONNAME = "郑文明";
				TargetAttributes = {
					707DB59C1BF2EDC4006E5B59 = {
						CreatedOnToolsVersion = 7.0;
					};
				};
			};
			buildConfigurationList = 707DB5981BF2EDC4006E5B59 /* Build configuration list for PBXProject "SwiftDemo" */;
			compatibilityVersion = "Xcode 3.2";
			developmentRegion = English;
			hasScannedForEncodings = 0;
			knownRegions = (
				en,
				Base,
			);
			mainGroup = 707DB5941BF2EDC4006E5B59;
			productRefGroup = 707DB59E1BF2EDC4006E5B59 /* Products */;
			projectDirPath = "";
			projectRoot = "";
			targets = (
				707DB59C1BF2EDC4006E5B59 /* SwiftDemo */,
			);
		};
/* End PBXProject section */

/* Begin PBXResourcesBuildPhase section */
		707DB59B1BF2EDC4006E5B59 /* Resources */ = {
			isa = PBXResourcesBuildPhase;
			buildActionMask = 2147483647;
			files = (
				70635E1E1BFB143A00470831 /* TabBar_Assets_Sel@2x.png in Resources */,
				70635E1D1BFB143A00470831 /* TabBar_Assets@3x.png in Resources */,
				707DB5AB1BF2EDC4006E5B59 /* LaunchScreen.storyboard in Resources */,
				70635E251BFB143A00470831 /* TabBar_Friends@3x.png in Resources */,
				70635E231BFB143A00470831 /* TabBar_Businesses_Sel@3x.png in Resources */,
				70635E381BFB36A200470831 /* scan@2x.png in Resources */,
				707DB5A81BF2EDC4006E5B59 /* Assets.xcassets in Resources */,
				70635E201BFB143A00470831 /* TabBar_Businesses@2x.png in Resources */,
				707DB5A61BF2EDC4006E5B59 /* Main.storyboard in Resources */,
				70635E2B1BFB143A00470831 /* TabBar_HomeBar_Sel@3x.png in Resources */,
				70635E331BFB20FC00470831 /* add_friend@2x.png in Resources */,
				70635E2A1BFB143A00470831 /* TabBar_HomeBar_Sel@2x.png in Resources */,
				70635E341BFB20FC00470831 /* add_friend@3x.png in Resources */,
				70635E211BFB143A00470831 /* TabBar_Businesses@3x.png in Resources */,
				70635E241BFB143A00470831 /* TabBar_Friends@2x.png in Resources */,
				70635E1C1BFB143A00470831 /* TabBar_Assets@2x.png in Resources */,
				70635E281BFB143A00470831 /* TabBar_HomeBar@2x.png in Resources */,
				70635E361BFB2F9600470831 /* LaunchImage-700-568h@2x.png in Resources */,
				70635E271BFB143A00470831 /* TabBar_Friends_Sel@3x.png in Resources */,
				70635E1F1BFB143A00470831 /* TabBar_Assets_Sel@3x.png in Resources */,
				70635E291BFB143A00470831 /* TabBar_HomeBar@3x.png in Resources */,
				70635E3A1BFB36B200470831 /* scanStatic@2x.png in Resources */,
				70635E221BFB143A00470831 /* TabBar_Businesses_Sel@2x.png in Resources */,
				70635E261BFB143A00470831 /* TabBar_Friends_Sel@2x.png in Resources */,
				70635E301BFB208300470831 /* user@2x.png in Resources */,
			);
			runOnlyForDeploymentPostprocessing = 0;
		};
/* End PBXResourcesBuildPhase section */

/* Begin PBXSourcesBuildPhase section */
		707DB5991BF2EDC4006E5B59 /* Sources */ = {
			isa = PBXSourcesBuildPhase;
			buildActionMask = 2147483647;
			files = (
				706CF2521BF97F86007A53C0 /* FriendViewController.swift in Sources */,
				706CF24E1BF97EE9007A53C0 /* AliPayViewController.swift in Sources */,
				707DB5A11BF2EDC4006E5B59 /* AppDelegate.swift in Sources */,
				70635E0A1BFAD8E900470831 /* Macro.swift in Sources */,
				706CF2541BF97FDA007A53C0 /* MoneyViewController.swift in Sources */,
				706CF2501BF97F64007A53C0 /* ReputationViewController.swift in Sources */,
				706CF25A1BF98395007A53C0 /* BaseViewController.swift in Sources */,
				706CF25E1BF9888B007A53C0 /* BaseNavgationController.swift in Sources */,
				706CF2711BF9C7D1007A53C0 /* TestViewController.swift in Sources */,
				706CF2571BF9834B007A53C0 /* WMTabbarController.swift in Sources */,
			);
			runOnlyForDeploymentPostprocessing = 0;
		};
/* End PBXSourcesBuildPhase section */

/* Begin PBXVariantGroup section */
		707DB5A41BF2EDC4006E5B59 /* Main.storyboard */ = {
			isa = PBXVariantGroup;
			children = (
				707DB5A51BF2EDC4006E5B59 /* Base */,
			);
			name = Main.storyboard;
			sourceTree = "<group>";
		};
		707DB5A91BF2EDC4006E5B59 /* LaunchScreen.storyboard */ = {
			isa = PBXVariantGroup;
			children = (
				707DB5AA1BF2EDC4006E5B59 /* Base */,
			);
			name = LaunchScreen.storyboard;
			sourceTree = "<group>";
		};
/* End PBXVariantGroup section */

/* Begin XCBuildConfiguration section */
		707DB5AD1BF2EDC4006E5B59 /* Debug */ = {
			isa = XCBuildConfiguration;
			buildSettings = {
				ALWAYS_SEARCH_USER_PATHS = NO;
				CLANG_CXX_LANGUAGE_STANDARD = "gnu++0x";
				CLANG_CXX_LIBRARY = "libc++";
				CLANG_ENABLE_MODULES = YES;
				CLANG_ENABLE_OBJC_ARC = YES;
				CLANG_WARN_BOOL_CONVERSION = YES;
				CLANG_WARN_CONSTANT_CONVERSION = YES;
				CLANG_WARN_DIRECT_OBJC_ISA_USAGE = YES_ERROR;
				CLANG_WARN_EMPTY_BODY = YES;
				CLANG_WARN_ENUM_CONVERSION = YES;
				CLANG_WARN_INT_CONVERSION = YES;
				CLANG_WARN_OBJC_ROOT_CLASS = YES_ERROR;
				CLANG_WARN_UNREACHABLE_CODE = YES;
				CLANG_WARN__DUPLICATE_METHOD_MATCH = YES;
				"CODE_SIGN_IDENTITY[sdk=iphoneos*]" = "iPhone Developer";
				COPY_PHASE_STRIP = NO;
				DEBUG_INFORMATION_FORMAT = dwarf;
				ENABLE_STRICT_OBJC_MSGSEND = YES;
				ENABLE_TESTABILITY = YES;
				GCC_C_LANGUAGE_STANDARD = gnu99;
				GCC_DYNAMIC_NO_PIC = NO;
				GCC_NO_COMMON_BLOCKS = YES;
				GCC_OPTIMIZATION_LEVEL = 0;
				GCC_PREPROCESSOR_DEFINITIONS = (
					"DEBUG=1",
					"$(inherited)",
				);
				GCC_WARN_64_TO_32_BIT_CONVERSION = YES;
				GCC_WARN_ABOUT_RETURN_TYPE = YES_ERROR;
				GCC_WARN_UNDECLARED_SELECTOR = YES;
				GCC_WARN_UNINITIALIZED_AUTOS = YES_AGGRESSIVE;
				GCC_WARN_UNUSED_FUNCTION = YES;
				GCC_WARN_UNUSED_VARIABLE = YES;
				IPHONEOS_DEPLOYMENT_TARGET = 9.0;
				MTL_ENABLE_DEBUG_INFO = YES;
				ONLY_ACTIVE_ARCH = YES;
				SDKROOT = iphoneos;
				SWIFT_OPTIMIZATION_LEVEL = "-Onone";
				TARGETED_DEVICE_FAMILY = "1,2";
			};
			name = Debug;
		};
		707DB5AE1BF2EDC4006E5B59 /* Release */ = {
			isa = XCBuildConfiguration;
			buildSettings = {
				ALWAYS_SEARCH_USER_PATHS = NO;
				CLANG_CXX_LANGUAGE_STANDARD = "gnu++0x";
				CLANG_CXX_LIBRARY = "libc++";
				CLANG_ENABLE_MODULES = YES;
				CLANG_ENABLE_OBJC_ARC = YES;
				CLANG_WARN_BOOL_CONVERSION = YES;
				CLANG_WARN_CONSTANT_CONVERSION = YES;
				CLANG_WARN_DIRECT_OBJC_ISA_USAGE = YES_ERROR;
				CLANG_WARN_EMPTY_BODY = YES;
				CLANG_WARN_ENUM_CONVERSION = YES;
				CLANG_WARN_INT_CONVERSION = YES;
				CLANG_WARN_OBJC_ROOT_CLASS = YES_ERROR;
				CLANG_WARN_UNREACHABLE_CODE = YES;
				CLANG_WARN__DUPLICATE_METHOD_MATCH = YES;
				"CODE_SIGN_IDENTITY[sdk=iphoneos*]" = "iPhone Developer";
				COPY_PHASE_STRIP = NO;
				DEBUG_INFORMATION_FORMAT = "dwarf-with-dsym";
				ENABLE_NS_ASSERTIONS = NO;
				ENABLE_STRICT_OBJC_MSGSEND = YES;
				GCC_C_LANGUAGE_STANDARD = gnu99;
				GCC_NO_COMMON_BLOCKS = YES;
				GCC_WARN_64_TO_32_BIT_CONVERSION = YES;
				GCC_WARN_ABOUT_RETURN_TYPE = YES_ERROR;
				GCC_WARN_UNDECLARED_SELECTOR = YES;
				GCC_WARN_UNINITIALIZED_AUTOS = YES_AGGRESSIVE;
				GCC_WARN_UNUSED_FUNCTION = YES;
				GCC_WARN_UNUSED_VARIABLE = YES;
				IPHONEOS_DEPLOYMENT_TARGET = 9.0;
				MTL_ENABLE_DEBUG_INFO = NO;
				SDKROOT = iphoneos;
				TARGETED_DEVICE_FAMILY = "1,2";
				VALIDATE_PRODUCT = YES;
			};
			name = Release;
		};
		707DB5B01BF2EDC4006E5B59 /* Debug */ = {
			isa = XCBuildConfiguration;
			buildSettings = {
				ASSETCATALOG_COMPILER_APPICON_NAME = AppIcon;
				INFOPLIST_FILE = SwiftDemo/Info.plist;
				LD_RUNPATH_SEARCH_PATHS = "$(inherited) @executable_path/Frameworks";
				PRODUCT_BUNDLE_IDENTIFIER = com.wenming.SwiftDemo;
				PRODUCT_NAME = "$(TARGET_NAME)";
			};
			name = Debug;
		};
		707DB5B11BF2EDC4006E5B59 /* Release */ = {
			isa = XCBuildConfiguration;
			buildSettings = {
				ASSETCATALOG_COMPILER_APPICON_NAME = AppIcon;
				INFOPLIST_FILE = SwiftDemo/Info.plist;
				LD_RUNPATH_SEARCH_PATHS = "$(inherited) @executable_path/Frameworks";
				PRODUCT_BUNDLE_IDENTIFIER = com.wenming.SwiftDemo;
				PRODUCT_NAME = "$(TARGET_NAME)";
			};
			name = Release;
		};
/* End XCBuildConfiguration section */

/* Begin XCConfigurationList section */
		707DB5981BF2EDC4006E5B59 /* Build configuration list for PBXProject "SwiftDemo" */ = {
			isa = XCConfigurationList;
			buildConfigurations = (
				707DB5AD1BF2EDC4006E5B59 /* Debug */,
				707DB5AE1BF2EDC4006E5B59 /* Release */,
			);
			defaultConfigurationIsVisible = 0;
			defaultConfigurationName = Release;
		};
		707DB5AF1BF2EDC4006E5B59 /* Build configuration list for PBXNativeTarget "SwiftDemo" */ = {
			isa = XCConfigurationList;
			buildConfigurations = (
				707DB5B01BF2EDC4006E5B59 /* Debug */,
				707DB5B11BF2EDC4006E5B59 /* Release */,
			);
			defaultConfigurationIsVisible = 0;
			defaultConfigurationName = Release;
		};
/* End XCConfigurationList section */
	};
	rootObject = 707DB5951BF2EDC4006E5B59 /* Project object */;
}
